{
    "_meta": {
        "hash": {
            "sha256": "7cc91e0d6808673613c4151147ee85631786fb783958873417845aba48c00cbe"
        },
        "pipfile-spec": 6,
        "requires": {},
        "sources": [
            {
                "name": "pypi",
                "url": "https://pypi.python.org/simple",
                "verify_ssl": true
            }
        ]
    },
    "default": {
        "attrs": {
            "hashes": [
                "sha256:2d27e3784d7a565d36ab851fe94887c5eccd6a463168875832a1be79c82828b4",
                "sha256:626ba8234211db98e869df76230a137c4c40a12d72445c45d5f5b716f076e2fd"
            ],
            "markers": "python_version >= '2.7' and python_version not in '3.0, 3.1, 3.2, 3.3, 3.4'",
            "version": "==21.4.0"
        },
        "automat": {
            "hashes": [
                "sha256:7979803c74610e11ef0c0d68a2942b152df52da55336e0c9d58daf1831cbdf33",
                "sha256:b6feb6455337df834f6c9962d6ccf771515b7d939bca142b29c20c2376bc6111"
            ],
            "version": "==20.2.0"
        },
        "certifi": {
            "hashes": [
                "sha256:78884e7c1d4b00ce3cea67b44566851c4343c120abd683433ce934a68ea58872",
                "sha256:d62a0163eb4c2344ac042ab2bdf75399a71a2d8c7d47eac2e2ee91b9d6339569"
            ],
            "version": "==2021.10.8"
        },
        "cffi": {
            "hashes": [
                "sha256:151b7eefd035c56b2b2e1eb9963c90c6302dc15fbd8c1c0a83a163ff2c7d7743",
                "sha256:1553d1e99f035ace1c0544050622b7bc963374a00c467edafac50ad7bd276aef",
                "sha256:1b0493c091a1898f1136e3f4f991a784437fac3673780ff9de3bcf46c80b6b50",
                "sha256:2ba8a45822b7aee805ab49abfe7eec16b90587f7f26df20c71dd89e45a97076f",
                "sha256:3bb6bd7266598f318063e584378b8e27c67de998a43362e8fce664c54ee52d30",
                "sha256:3c85641778460581c42924384f5e68076d724ceac0f267d66c757f7535069c93",
                "sha256:3eb6434197633b7748cea30bf0ba9f66727cdce45117a712b29a443943733257",
                "sha256:495c5c2d43bf6cebe0178eb3e88f9c4aa48d8934aa6e3cddb865c058da76756b",
                "sha256:4c91af6e967c2015729d3e69c2e51d92f9898c330d6a851bf8f121236f3defd3",
                "sha256:57b2533356cb2d8fac1555815929f7f5f14d68ac77b085d2326b571310f34f6e",
                "sha256:770f3782b31f50b68627e22f91cb182c48c47c02eb405fd689472aa7b7aa16dc",
                "sha256:79f9b6f7c46ae1f8ded75f68cf8ad50e5729ed4d590c74840471fc2823457d04",
                "sha256:7a33145e04d44ce95bcd71e522b478d282ad0eafaf34fe1ec5bbd73e662f22b6",
                "sha256:857959354ae3a6fa3da6651b966d13b0a8bed6bbc87a0de7b38a549db1d2a359",
                "sha256:87f37fe5130574ff76c17cab61e7d2538a16f843bb7bca8ebbc4b12de3078596",
                "sha256:95d5251e4b5ca00061f9d9f3d6fe537247e145a8524ae9fd30a2f8fbce993b5b",
                "sha256:9d1d3e63a4afdc29bd76ce6aa9d58c771cd1599fbba8cf5057e7860b203710dd",
                "sha256:a36c5c154f9d42ec176e6e620cb0dd275744aa1d804786a71ac37dc3661a5e95",
                "sha256:a6a5cb8809091ec9ac03edde9304b3ad82ad4466333432b16d78ef40e0cce0d5",
                "sha256:ae5e35a2c189d397b91034642cb0eab0e346f776ec2eb44a49a459e6615d6e2e",
                "sha256:b0f7d4a3df8f06cf49f9f121bead236e328074de6449866515cea4907bbc63d6",
                "sha256:b75110fb114fa366b29a027d0c9be3709579602ae111ff61674d28c93606acca",
                "sha256:ba5e697569f84b13640c9e193170e89c13c6244c24400fc57e88724ef610cd31",
                "sha256:be2a9b390f77fd7676d80bc3cdc4f8edb940d8c198ed2d8c0be1319018c778e1",
                "sha256:ca1bd81f40adc59011f58159e4aa6445fc585a32bb8ac9badf7a2c1aa23822f2",
                "sha256:d5d8555d9bfc3f02385c1c37e9f998e2011f0db4f90e250e5bc0c0a85a813085",
                "sha256:e55e22ac0a30023426564b1059b035973ec82186ddddbac867078435801c7801",
                "sha256:e90f17980e6ab0f3c2f3730e56d1fe9bcba1891eeea58966e89d352492cc74f4",
                "sha256:ecbb7b01409e9b782df5ded849c178a0aa7c906cf8c5a67368047daab282b184",
                "sha256:ed01918d545a38998bfa5902c7c00e0fee90e957ce036a4000a88e3fe2264917",
                "sha256:edabd457cd23a02965166026fd9bfd196f4324fe6032e866d0f3bd0301cd486f",
                "sha256:fdf1c1dc5bafc32bc5d08b054f94d659422b05aba244d6be4ddc1c72d9aa70fb"
            ],
            "index": "pypi",
            "version": "==1.11.5"
        },
        "chardet": {
            "hashes": [
                "sha256:84ab92ed1c4d4f16916e05906b6b75a6c0fb5db821cc65e70cbd64a3e2a5eaae",
                "sha256:fc323ffcaeaed0e0a02bf4d117757b98aed530d9ed4531e3e15460124c106691"
            ],
            "version": "==3.0.4"
        },
        "constantly": {
            "hashes": [
                "sha256:586372eb92059873e29eba4f9dec8381541b4d3834660707faf8ba59146dfc35",
                "sha256:dd2fa9d6b1a51a83f0d7dd76293d734046aa176e384bf6e33b7e44880eb37c5d"
            ],
            "version": "==15.1.0"
        },
        "cryptography": {
            "hashes": [
                "sha256:07ca431b788249af92764e3be9a488aa1d39a0bc3be313d826bbec690417e538",
                "sha256:13b88a0bd044b4eae1ef40e265d006e34dbcde0c2f1e15eb9896501b2d8f6c6f",
                "sha256:32434673d8505b42c0de4de86da8c1620651abd24afe91ae0335597683ed1b77",
                "sha256:3cd75a683b15576cfc822c7c5742b3276e50b21a06672dc3a800a2d5da4ecd1b",
                "sha256:4e7268a0ca14536fecfdf2b00297d4e407da904718658c1ff1961c713f90fd33",
                "sha256:545a8550782dda68f8cdc75a6e3bf252017aa8f75f19f5a9ca940772fc0cb56e",
                "sha256:55d0b896631412b6f0c7de56e12eb3e261ac347fbaa5d5e705291a9016e5f8cb",
                "sha256:5849d59358547bf789ee7e0d7a9036b2d29e9a4ddf1ce5e06bb45634f995c53e",
                "sha256:6dc59630ecce8c1f558277ceb212c751d6730bd12c80ea96b4ac65637c4f55e7",
                "sha256:7117319b44ed1842c617d0a452383a5a052ec6aa726dfbaffa8b94c910444297",
                "sha256:75e8e6684cf0034f6bf2a97095cb95f81537b12b36a8fedf06e73050bb171c2d",
                "sha256:7b8d9d8d3a9bd240f453342981f765346c87ade811519f98664519696f8e6ab7",
                "sha256:a035a10686532b0587d58a606004aa20ad895c60c4d029afa245802347fab57b",
                "sha256:a4e27ed0b2504195f855b52052eadcc9795c59909c9d84314c5408687f933fc7",
                "sha256:a733671100cd26d816eed39507e585c156e4498293a907029969234e5e634bc4",
                "sha256:a75f306a16d9f9afebfbedc41c8c2351d8e61e818ba6b4c40815e2b5740bb6b8",
                "sha256:bd717aa029217b8ef94a7d21632a3bb5a4e7218a4513d2521c2a2fd63011e98b",
                "sha256:d25cecbac20713a7c3bc544372d42d8eafa89799f492a43b79e1dfd650484851",
                "sha256:d26a2557d8f9122f9bf445fc7034242f4375bd4e95ecda007667540270965b13",
                "sha256:d3545829ab42a66b84a9aaabf216a4dce7f16dbc76eb69be5c302ed6b8f4a29b",
                "sha256:d3d5e10be0cf2a12214ddee45c6bd203dab435e3d83b4560c03066eda600bfe3",
                "sha256:efe15aca4f64f3a7ea0c09c87826490e50ed166ce67368a68f315ea0807a20df"
            ],
            "markers": "python_version >= '2.7' and python_version not in '3.0, 3.1, 3.2, 3.3, 3.4'",
            "version": "==3.2.1"
        },
        "cssselect": {
            "hashes": [
                "sha256:f612ee47b749c877ebae5bb77035d8f4202c6ad0f0fc1271b3c18ad6c4468ecf",
                "sha256:f95f8dedd925fd8f54edb3d2dfb44c190d9d18512377d3c1e2388d16126879bc"
            ],
            "markers": "python_version >= '2.7' and python_version not in '3.0, 3.1, 3.2, 3.3'",
            "version": "==1.1.0"
        },
        "filelock": {
            "hashes": [
                "sha256:9cd540a9352e432c7246a48fe4e8712b10acb1df2ad1f30e8c070b82ae1fed85",
                "sha256:f8314284bfffbdcfa0ff3d7992b023d4c628ced6feb957351d4c48d059f56bc0"
            ],
            "markers": "python_version >= '3.7'",
            "version": "==3.6.0"
        },
        "hyperlink": {
            "hashes": [
                "sha256:427af957daa58bc909471c6c40f74c5450fa123dd093fc53efd2e91d2705a56b",
                "sha256:e6b14c37ecb73e89c77d78cdb4c2cc8f3fb59a885c5b3f819ff4ed80f25af1b4"
            ],
            "version": "==21.0.0"
        },
        "idna": {
            "hashes": [
                "sha256:2c6a5de3089009e3da7c5dde64a141dbc8551d5b7f6cf4ed7c2568d0cc520a8f",
                "sha256:8c7309c718f94b3a625cb648ace320157ad16ff131ae0af362c9f21b80ef6ec4"
            ],
            "version": "==2.6"
        },
        "incremental": {
            "hashes": [
                "sha256:02f5de5aff48f6b9f665d99d48bfc7ec03b6e3943210de7cfc88856d755d6f57",
                "sha256:92014aebc6a20b78a8084cdd5645eeaa7f74b8933f70fa3ada2cfbd1e3b54321"
            ],
            "version": "==21.3.0"
        },
        "lxml": {
            "hashes": [
                "sha256:078306d19a33920004addeb5f4630781aaeabb6a8d01398045fcde085091a169",
                "sha256:0c1978ff1fd81ed9dcbba4f91cf09faf1f8082c9d72eb122e92294716c605428",
                "sha256:1010042bfcac2b2dc6098260a2ed022968dbdfaf285fc65a3acf8e4eb1ffd1bc",
                "sha256:1d650812b52d98679ed6c6b3b55cbb8fe5a5460a0aef29aeb08dc0b44577df85",
                "sha256:20b8a746a026017acf07da39fdb10aa80ad9877046c9182442bf80c84a1c4696",
                "sha256:2403a6d6fb61c285969b71f4a3527873fe93fd0abe0832d858a17fe68c8fa507",
                "sha256:24f5c5ae618395ed871b3d8ebfcbb36e3f1091fd847bf54c4de623f9107942f3",
                "sha256:28d1af847786f68bec57961f31221125c29d6f52d9187c01cd34dc14e2b29430",
                "sha256:31499847fc5f73ee17dbe1b8e24c6dafc4e8d5b48803d17d22988976b0171f03",
                "sha256:31ba2cbc64516dcdd6c24418daa7abff989ddf3ba6d3ea6f6ce6f2ed6e754ec9",
                "sha256:330bff92c26d4aee79c5bc4d9967858bdbe73fdbdbacb5daf623a03a914fe05b",
                "sha256:5045ee1ccd45a89c4daec1160217d363fcd23811e26734688007c26f28c9e9e7",
                "sha256:52cbf2ff155b19dc4d4100f7442f6a697938bf4493f8d3b0c51d45568d5666b5",
                "sha256:530f278849031b0eb12f46cca0e5db01cfe5177ab13bd6878c6e739319bae654",
                "sha256:545bd39c9481f2e3f2727c78c169425efbfb3fbba6e7db4f46a80ebb249819ca",
                "sha256:5804e04feb4e61babf3911c2a974a5b86f66ee227cc5006230b00ac6d285b3a9",
                "sha256:5a58d0b12f5053e270510bf12f753a76aaf3d74c453c00942ed7d2c804ca845c",
                "sha256:5f148b0c6133fb928503cfcdfdba395010f997aa44bcf6474fcdd0c5398d9b63",
                "sha256:5f7d7d9afc7b293147e2d506a4596641d60181a35279ef3aa5778d0d9d9123fe",
                "sha256:60d2f60bd5a2a979df28ab309352cdcf8181bda0cca4529769a945f09aba06f9",
                "sha256:6259b511b0f2527e6d55ad87acc1c07b3cbffc3d5e050d7e7bcfa151b8202df9",
                "sha256:6268e27873a3d191849204d00d03f65c0e343b3bcb518a6eaae05677c95621d1",
                "sha256:627e79894770783c129cc5e89b947e52aa26e8e0557c7e205368a809da4b7939",
                "sha256:62f93eac69ec0f4be98d1b96f4d6b964855b8255c345c17ff12c20b93f247b68",
                "sha256:6d6483b1229470e1d8835e52e0ff3c6973b9b97b24cd1c116dca90b57a2cc613",
                "sha256:6f7b82934c08e28a2d537d870293236b1000d94d0b4583825ab9649aef7ddf63",
                "sha256:6fe4ef4402df0250b75ba876c3795510d782def5c1e63890bde02d622570d39e",
                "sha256:719544565c2937c21a6f76d520e6e52b726d132815adb3447ccffbe9f44203c4",
                "sha256:730766072fd5dcb219dd2b95c4c49752a54f00157f322bc6d71f7d2a31fecd79",
                "sha256:74eb65ec61e3c7c019d7169387d1b6ffcfea1b9ec5894d116a9a903636e4a0b1",
                "sha256:7993232bd4044392c47779a3c7e8889fea6883be46281d45a81451acfd704d7e",
                "sha256:80bbaddf2baab7e6de4bc47405e34948e694a9efe0861c61cdc23aa774fcb141",
                "sha256:86545e351e879d0b72b620db6a3b96346921fa87b3d366d6c074e5a9a0b8dadb",
                "sha256:891dc8f522d7059ff0024cd3ae79fd224752676447f9c678f2a5c14b84d9a939",
                "sha256:8a31f24e2a0b6317f33aafbb2f0895c0bce772980ae60c2c640d82caac49628a",
                "sha256:8b99ec73073b37f9ebe8caf399001848fced9c08064effdbfc4da2b5a8d07b93",
                "sha256:986b7a96228c9b4942ec420eff37556c5777bfba6758edcb95421e4a614b57f9",
                "sha256:a1547ff4b8a833511eeaceacbcd17b043214fcdb385148f9c1bc5556ca9623e2",
                "sha256:a2bfc7e2a0601b475477c954bf167dee6d0f55cb167e3f3e7cefad906e7759f6",
                "sha256:a3c5f1a719aa11866ffc530d54ad965063a8cbbecae6515acbd5f0fae8f48eaa",
                "sha256:a9f1c3489736ff8e1c7652e9dc39f80cff820f23624f23d9eab6e122ac99b150",
                "sha256:aa0cf4922da7a3c905d000b35065df6184c0dc1d866dd3b86fd961905bbad2ea",
                "sha256:ad4332a532e2d5acb231a2e5d33f943750091ee435daffca3fec0a53224e7e33",
                "sha256:b2582b238e1658c4061ebe1b4df53c435190d22457642377fd0cb30685cdfb76",
                "sha256:b6fc2e2fb6f532cf48b5fed57567ef286addcef38c28874458a41b7837a57807",
                "sha256:b92d40121dcbd74831b690a75533da703750f7041b4bf951befc657c37e5695a",
                "sha256:bbab6faf6568484707acc052f4dfc3802bdb0cafe079383fbaa23f1cdae9ecd4",
                "sha256:c0b88ed1ae66777a798dc54f627e32d3b81c8009967c63993c450ee4cbcbec15",
                "sha256:ce13d6291a5f47c1c8dbd375baa78551053bc6b5e5c0e9bb8e39c0a8359fd52f",
                "sha256:db3535733f59e5605a88a706824dfcb9bd06725e709ecb017e165fc1d6e7d429",
                "sha256:dd10383f1d6b7edf247d0960a3db274c07e96cf3a3fc7c41c8448f93eac3fb1c",
                "sha256:e01f9531ba5420838c801c21c1b0f45dbc9607cb22ea2cf132844453bec863a5",
                "sha256:e11527dc23d5ef44d76fef11213215c34f36af1608074561fcc561d983aeb870",
                "sha256:e1ab2fac607842ac36864e358c42feb0960ae62c34aa4caaf12ada0a1fb5d99b",
                "sha256:e1fd7d2fe11f1cb63d3336d147c852f6d07de0d0020d704c6031b46a30b02ca8",
                "sha256:e9f84ed9f4d50b74fbc77298ee5c870f67cb7e91dcdc1a6915cb1ff6a317476c",
                "sha256:ec4b4e75fc68da9dc0ed73dcdb431c25c57775383fec325d23a770a64e7ebc87",
                "sha256:f10ce66fcdeb3543df51d423ede7e238be98412232fca5daec3e54bcd16b8da0",
                "sha256:f63f62fc60e6228a4ca9abae28228f35e1bd3ce675013d1dfb828688d50c6e23",
                "sha256:fa56bb08b3dd8eac3a8c5b7d075c94e74f755fd9d8a04543ae8d37b1612dd170",
                "sha256:fa9b7c450be85bfc6cd39f6df8c5b8cbd76b5d6fc1f69efec80203f9894b885f"
            ],
            "markers": "python_version >= '2.7' and python_version not in '3.0, 3.1, 3.2, 3.3, 3.4'",
            "version": "==4.8.0"
        },
        "parsel": {
            "hashes": [
                "sha256:70efef0b651a996cceebc69e55a85eb2233be0890959203ba7c3a03c72725c79",
                "sha256:9e1fa8db1c0b4a878bf34b35c043d89c9d1cbebc23b4d34dbc3c0ec33f2e087d"
            ],
            "version": "==1.6.0"
        },
        "protego": {
            "hashes": [
                "sha256:04419b18f20e8909f1691c6b678392988271cc2a324a72f9663cb3af838b4bf7",
                "sha256:df666d4304dab774e2dc9feb208bb1ac8d71ea5ceec12f4c99eba30fbd642ff2"
            ],
            "markers": "python_version >= '2.7' and python_version not in '3.0, 3.1, 3.2, 3.3, 3.4'",
            "version": "==0.2.1"
        },
        "pyasn1": {
            "hashes": [
                "sha256:014c0e9976956a08139dc0712ae195324a75e142284d5f87f1a87ee1b068a359",
                "sha256:03840c999ba71680a131cfaee6fab142e1ed9bbd9c693e285cc6aca0d555e576",
                "sha256:0458773cfe65b153891ac249bcf1b5f8f320b7c2ce462151f8fa74de8934becf",
                "sha256:08c3c53b75eaa48d71cf8c710312316392ed40899cb34710d092e96745a358b7",
                "sha256:39c7e2ec30515947ff4e87fb6f456dfc6e84857d34be479c9d4a4ba4bf46aa5d",
                "sha256:5c9414dcfede6e441f7e8f81b43b34e834731003427e5b09e4e00e3172a10f00",
                "sha256:6e7545f1a61025a4e58bb336952c5061697da694db1cae97b116e9c46abcf7c8",
                "sha256:78fa6da68ed2727915c4767bb386ab32cdba863caa7dbe473eaae45f9959da86",
                "sha256:7ab8a544af125fb704feadb008c99a88805126fb525280b2270bb25cc1d78a12",
                "sha256:99fcc3c8d804d1bc6d9a099921e39d827026409a58f2a720dcdb89374ea0c776",
                "sha256:aef77c9fb94a3ac588e87841208bdec464471d9871bd5050a287cc9a475cd0ba",
                "sha256:e89bf84b5437b532b0803ba5c9a5e054d21fec423a89952a74f87fa2c9b7bce2",
                "sha256:fec3e9d8e36808a28efb59b489e4528c10ad0f480e57dcc32b4de5c9d8c9fdf3"
            ],
            "version": "==0.4.8"
        },
        "pyasn1-modules": {
            "hashes": [
                "sha256:0845a5582f6a02bb3e1bde9ecfc4bfcae6ec3210dd270522fee602365430c3f8",
                "sha256:0fe1b68d1e486a1ed5473f1302bd991c1611d319bba158e98b106ff86e1d7199",
                "sha256:15b7c67fabc7fc240d87fb9aabf999cf82311a6d6fb2c70d00d3d0604878c811",
                "sha256:426edb7a5e8879f1ec54a1864f16b882c2837bfd06eee62f2c982315ee2473ed",
                "sha256:65cebbaffc913f4fe9e4808735c95ea22d7a7775646ab690518c056784bc21b4",
                "sha256:905f84c712230b2c592c19470d3ca8d552de726050d1d1716282a1f6146be65e",
                "sha256:a50b808ffeb97cb3601dd25981f6b016cbb3d31fbf57a8b8a87428e6158d0c74",
                "sha256:a99324196732f53093a84c4369c996713eb8c89d360a496b599fb1a9c47fc3eb",
                "sha256:b80486a6c77252ea3a3e9b1e360bc9cf28eaac41263d173c032581ad2f20fe45",
                "sha256:c29a5e5cc7a3f05926aff34e097e84f8589cd790ce0ed41b67aed6857b26aafd",
                "sha256:cbac4bc38d117f2a49aeedec4407d23e8866ea4ac27ff2cf7fb3e5b570df19e0",
                "sha256:f39edd8c4ecaa4556e989147ebf219227e2cd2e8a43c7e7fcb1f1c18c5fd6a3d",
                "sha256:fe0644d9ab041506b62782e92b06b8c68cca799e1a9636ec398675459e031405"
            ],
            "version": "==0.2.8"
        },
        "pycparser": {
            "hashes": [
                "sha256:8ee45429555515e1f6b185e78100aea234072576aa43ab53aefcae078162fca9",
                "sha256:e644fdec12f7872f86c58ff790da456218b10f863970249516d60a5eaca77206"
            ],
            "version": "==2.21"
        },
        "pydispatcher": {
            "hashes": [
                "sha256:5570069e1b1769af1fe481de6dd1d3a388492acddd2cdad7a3bde145615d5caf",
                "sha256:5be4a8be12805ef7d712dd9a93284fb8bc53f309867e573f653a72e5fd10e433"
            ],
            "version": "==2.0.5"
        },
        "pyopenssl": {
            "hashes": [
                "sha256:4c231c759543ba02560fcd2480c48dcec4dae34c9da7d3747c508227e0624b51",
                "sha256:818ae18e06922c066f777a33f1fca45786d85edfe71cd043de6379337a7f274b"
            ],
            "markers": "python_version >= '2.7' and python_version not in '3.0, 3.1, 3.2, 3.3, 3.4'",
            "version": "==20.0.1"
        },
        "python-decouple": {
            "hashes": [
                "sha256:1317df14b43efee4337a4aa02914bf004f010cd56d6c4bd894e6474ec8c4fe2d"
            ],
            "index": "pypi",
            "version": "==3.1"
        },
        "queuelib": {
            "hashes": [
                "sha256:4b207267f2642a8699a1f806045c56eb7ad1a85a10c0e249884580d139c2fcd2",
                "sha256:4b96d48f650a814c6fb2fd11b968f9c46178b683aad96d68f930fe13a8574d19"
            ],
            "markers": "python_version >= '3.5'",
            "version": "==1.6.2"
        },
        "redis": {
            "hashes": [
                "sha256:8a1900a9f2a0a44ecf6e8b5eb3e967a9909dfed219ad66df094f27f7d6f330fb",
                "sha256:a22ca993cea2962dbb588f9f30d0015ac4afcc45bee27d3978c0dbe9e97c6c0f"
            ],
            "index": "pypi",
            "version": "==2.10.6"
        },
        "requests": {
            "hashes": [
                "sha256:6a1b267aa90cac58ac3a765d067950e7dbbf75b1da07e895d1f594193a40a38b",
                "sha256:9c443e7324ba5b85070c4a818ade28bfabedf16ea10206da1132edaa6dda237e"
            ],
            "index": "pypi",
            "version": "==2.18.4"
        },
        "requests-file": {
            "hashes": [
                "sha256:07d74208d3389d01c38ab89ef403af0cfec63957d53a0081d8eca738d0247d8e",
                "sha256:dfe5dae75c12481f68ba353183c53a65e6044c923e64c24b2209f6c7570ca953"
            ],
            "version": "==1.5.1"
        },
        "scrapy": {
            "hashes": [
                "sha256:3b6b28c73c775cb5e49c74ab6f4e04aca9ec49052cfa76902c8c2cdfcfdcba47",
                "sha256:b3691baf0790858f51d898c6d8bcb82627eeb3d6be57edd2d98a915e03ad12e5"
            ],
            "index": "pypi",
            "version": "==1.8.2"
        },
        "service-identity": {
            "hashes": [
                "sha256:6e6c6086ca271dc11b033d17c3a8bea9f24ebff920c587da090afc9519419d34",
                "sha256:f0b0caac3d40627c3c04d7a51b6e06721857a0e10a8775f2d1d7e72901b3a7db"
            ],
            "version": "==21.1.0"
        },
        "setuptools": {
            "hashes": [
                "sha256:2347b2b432c891a863acadca2da9ac101eae6169b1d3dfee2ec605ecd50dbfe5",
                "sha256:e4f30b9f84e5ab3decf945113119649fec09c1fc3507c6ebffec75646c56e62b"
            ],
            "markers": "python_version >= '3.7'",
            "version": "==60.9.3"
        },
        "six": {
            "hashes": [
                "sha256:1e61c37477a1626458e36f7b1d82aa5c9b094fa4802892072e49de9c60c4c926",
                "sha256:8abb2f1d86890a2dfb989f9a77cfcfd3e47c2a354b01111771326f8aa26e0254"
            ],
            "markers": "python_version >= '2.7' and python_version not in '3.0, 3.1, 3.2, 3.3'",
            "version": "==1.16.0"
        },
        "tldextract": {
            "hashes": [
                "sha256:3d4b6a2105600b7d0290ea237bf30b6b0dc763e50fcbe40e849a019bd6dbcbff",
                "sha256:427703b65db54644f7b81d3dcb79bf355c1a7c28a12944e5cc6787531ccc828a"
            ],
            "markers": "python_version >= '3.7'",
            "version": "==3.2.0"
        },
        "twisted": {
            "hashes": [
                "sha256:b7971ec9805b0f80e1dcb1a3721d7bfad636d5f909de687430ce373979d67b61",
                "sha256:ccd638110d9ccfdc003042aa3e1b6d6af272eaca45d36e083359560549e3e848"
            ],
            "markers": "python_version >= '3.5'",
            "version": "==22.1.0"
        },
        "typing-extensions": {
            "hashes": [
                "sha256:1a9462dcc3347a79b1f1c0271fbe79e844580bb598bafa1ed208b94da3cdcd42",
                "sha256:21c85e0fe4b9a155d0799430b0ad741cdce7e359660ccbd8b530613e8df88ce2"
            ],
            "markers": "python_version >= '3.6'",
            "version": "==4.1.1"
        },
        "urllib3": {
            "hashes": [
                "sha256:06330f386d6e4b195fbfc736b297f58c5a892e4440e54d294d7004e3a9bbea1b",
                "sha256:cc44da8e1145637334317feebd728bd869a35285b93cbb4cca2577da7e62db4f"
            ],
            "version": "==1.22"
        },
        "w3lib": {
            "hashes": [
                "sha256:0161d55537063e00d95a241663ede3395c4c6d7b777972ba2fd58bbab2001e53",
                "sha256:0ad6d0203157d61149fd45aaed2e24f53902989c32fc1dccc2e2bfba371560df"
            ],
            "version": "==1.22.0"
        },
        "zope.interface": {
            "hashes": [
                "sha256:08f9636e99a9d5410181ba0729e0408d3d8748026ea938f3b970a0249daa8192",
                "sha256:0b465ae0962d49c68aa9733ba92a001b2a0933c317780435f00be7ecb959c702",
                "sha256:0cba8477e300d64a11a9789ed40ee8932b59f9ee05f85276dbb4b59acee5dd09",
                "sha256:0cee5187b60ed26d56eb2960136288ce91bcf61e2a9405660d271d1f122a69a4",
                "sha256:0ea1d73b7c9dcbc5080bb8aaffb776f1c68e807767069b9ccdd06f27a161914a",
                "sha256:0f91b5b948686659a8e28b728ff5e74b1be6bf40cb04704453617e5f1e945ef3",
                "sha256:15e7d1f7a6ee16572e21e3576d2012b2778cbacf75eb4b7400be37455f5ca8bf",
                "sha256:17776ecd3a1fdd2b2cd5373e5ef8b307162f581c693575ec62e7c5399d80794c",
                "sha256:194d0bcb1374ac3e1e023961610dc8f2c78a0f5f634d0c737691e215569e640d",
                "sha256:1c0e316c9add0db48a5b703833881351444398b04111188069a26a61cfb4df78",
                "sha256:205e40ccde0f37496904572035deea747390a8b7dc65146d30b96e2dd1359a83",
                "sha256:273f158fabc5ea33cbc936da0ab3d4ba80ede5351babc4f577d768e057651531",
                "sha256:2876246527c91e101184f63ccd1d716ec9c46519cc5f3d5375a3351c46467c46",
                "sha256:2c98384b254b37ce50eddd55db8d381a5c53b4c10ee66e1e7fe749824f894021",
                "sha256:2e5a26f16503be6c826abca904e45f1a44ff275fdb7e9d1b75c10671c26f8b94",
                "sha256:334701327f37c47fa628fc8b8d28c7d7730ce7daaf4bda1efb741679c2b087fc",
                "sha256:3748fac0d0f6a304e674955ab1365d515993b3a0a865e16a11ec9d86fb307f63",
                "sha256:3c02411a3b62668200910090a0dff17c0b25aaa36145082a5a6adf08fa281e54",
                "sha256:3dd4952748521205697bc2802e4afac5ed4b02909bb799ba1fe239f77fd4e117",
                "sha256:3f24df7124c323fceb53ff6168da70dbfbae1442b4f3da439cd441681f54fe25",
                "sha256:469e2407e0fe9880ac690a3666f03eb4c3c444411a5a5fddfdabc5d184a79f05",
                "sha256:4de4bc9b6d35c5af65b454d3e9bc98c50eb3960d5a3762c9438df57427134b8e",
                "sha256:5208ebd5152e040640518a77827bdfcc73773a15a33d6644015b763b9c9febc1",
                "sha256:52de7fc6c21b419078008f697fd4103dbc763288b1406b4562554bd47514c004",
                "sha256:5bb3489b4558e49ad2c5118137cfeaf59434f9737fa9c5deefc72d22c23822e2",
                "sha256:5dba5f530fec3f0988d83b78cc591b58c0b6eb8431a85edd1569a0539a8a5a0e",
                "sha256:5dd9ca406499444f4c8299f803d4a14edf7890ecc595c8b1c7115c2342cadc5f",
                "sha256:5f931a1c21dfa7a9c573ec1f50a31135ccce84e32507c54e1ea404894c5eb96f",
                "sha256:63b82bb63de7c821428d513607e84c6d97d58afd1fe2eb645030bdc185440120",
                "sha256:66c0061c91b3b9cf542131148ef7ecbecb2690d48d1612ec386de9d36766058f",
                "sha256:6f0c02cbb9691b7c91d5009108f975f8ffeab5dff8f26d62e21c493060eff2a1",
                "sha256:71aace0c42d53abe6fc7f726c5d3b60d90f3c5c055a447950ad6ea9cec2e37d9",
                "sha256:7d97a4306898b05404a0dcdc32d9709b7d8832c0c542b861d9a826301719794e",
                "sha256:7df1e1c05304f26faa49fa752a8c690126cf98b40b91d54e6e9cc3b7d6ffe8b7",
                "sha256:8270252effc60b9642b423189a2fe90eb6b59e87cbee54549db3f5562ff8d1b8",
                "sha256:867a5ad16892bf20e6c4ea2aab1971f45645ff3102ad29bd84c86027fa99997b",
                "sha256:877473e675fdcc113c138813a5dd440da0769a2d81f4d86614e5d62b69497155",
                "sha256:8892f89999ffd992208754851e5a052f6b5db70a1e3f7d54b17c5211e37a98c7",
                "sha256:9a9845c4c6bb56e508651f005c4aeb0404e518c6f000d5a1123ab077ab769f5c",
                "sha256:a1e6e96217a0f72e2b8629e271e1b280c6fa3fe6e59fa8f6701bec14e3354325",
                "sha256:a8156e6a7f5e2a0ff0c5b21d6bcb45145efece1909efcbbbf48c56f8da68221d",
                "sha256:a9506a7e80bcf6eacfff7f804c0ad5350c8c95b9010e4356a4b36f5322f09abb",
                "sha256:af310ec8335016b5e52cae60cda4a4f2a60a788cbb949a4fbea13d441aa5a09e",
                "sha256:b0297b1e05fd128d26cc2460c810d42e205d16d76799526dfa8c8ccd50e74959",
                "sha256:bf68f4b2b6683e52bec69273562df15af352e5ed25d1b6641e7efddc5951d1a7",
                "sha256:d0c1bc2fa9a7285719e5678584f6b92572a5b639d0e471bb8d4b650a1a910920",
                "sha256:d4d9d6c1a455d4babd320203b918ccc7fcbefe308615c521062bc2ba1aa4d26e",
                "sha256:db1fa631737dab9fa0b37f3979d8d2631e348c3b4e8325d6873c2541d0ae5a48",
                "sha256:dd93ea5c0c7f3e25335ab7d22a507b1dc43976e1345508f845efc573d3d779d8",
                "sha256:f44e517131a98f7a76696a7b21b164bcb85291cee106a23beccce454e1f433a4",
                "sha256:f7ee479e96f7ee350db1cf24afa5685a5899e2b34992fb99e1f7c1b0b758d263"
            ],
            "markers": "python_version >= '2.7' and python_version not in '3.0, 3.1, 3.2, 3.3, 3.4'",
            "version": "==5.4.0"
        }
    },
    "develop": {
        "backcall": {
            "hashes": [
                "sha256:5cbdbf27be5e7cfadb448baf0aa95508f91f2bbc6c6437cd9cd06e2a4c215e1e",
                "sha256:fbbce6a29f263178a1f7915c1940bde0ec2b2a967566fe1c65c1dfb7422bd255"
            ],
            "version": "==0.2.0"
        },
        "decorator": {
            "hashes": [
                "sha256:637996211036b6385ef91435e4fae22989472f9d571faba8927ba8253acbc330",
                "sha256:b8c3f85900b9dc423225913c5aace94729fe1fa9763b38939a95226f02d37186"
            ],
            "markers": "python_version >= '3.5'",
            "version": "==5.1.1"
        },
        "ipython": {
            "hashes": [
                "sha256:938da96f2f5f50d82add1947958b7432e9f330cef7703210bffd1a783d7720ab",
                "sha256:c785ab502b1a63624baeb89fedb873a118d4da6c9a796ae06e4f4aaef74e9ea0"
            ],
            "index": "pypi",
            "version": "==6.3.0"
        },
        "jedi": {
            "hashes": [
                "sha256:637c9635fcf47945ceb91cd7f320234a7be540ded6f3e99a50cb6febdfd1ba8d",
                "sha256:74137626a64a99c8eb6ae5832d99b3bdd7d29a3850fe2aa80a4126b2a7d949ab"
            ],
            "markers": "python_version >= '3.6'",
            "version": "==0.18.1"
        },
        "mccabe": {
            "hashes": [
                "sha256:348e0240c33b60bbdf4e523192ef919f28cb2c3d7d5c7794f74009290f236325",
                "sha256:6c2d30ab6be0e4a46919781807b4f0d834ebdd6c6e3dca0bda5a15f863427b6e"
            ],
            "markers": "python_version >= '3.6'",
            "version": "==0.7.0"
        },
        "parso": {
            "hashes": [
                "sha256:8c07be290bb59f03588915921e29e8a50002acaf2cdc5fa0e0114f91709fafa0",
                "sha256:c001d4636cd3aecdaf33cbb40aebb59b094be2a74c556778ef5576c175e19e75"
            ],
            "markers": "python_version >= '3.6'",
            "version": "==0.8.3"
        },
        "pexpect": {
            "hashes": [
                "sha256:0b48a55dcb3c05f3329815901ea4fc1537514d6ba867a152b581d69ae3710937",
                "sha256:fc65a43959d153d0114afe13997d439c22823a27cefceb5ff35c2178c6784c0c"
            ],
            "markers": "sys_platform != 'win32'",
            "version": "==4.8.0"
        },
        "pickleshare": {
            "hashes": [
                "sha256:87683d47965c1da65cdacaf31c8441d12b8044cdec9aca500cd78fc2c683afca",
                "sha256:9649af414d74d4df115d5d718f82acb59c9d418196b7b4290ed47a12ce62df56"
            ],
            "version": "==0.7.5"
        },
        "prompt-toolkit": {
            "hashes": [
                "sha256:37925b37a4af1f6448c76b7606e0285f79f434ad246dda007a27411cca730c6d",
                "sha256:dd4fca02c8069497ad931a2d09914c6b0d1b50151ce876bc15bde4c747090126",
                "sha256:f7eec66105baf40eda9ab026cd8b2e251337eea8d111196695d82e0c5f0af852"
            ],
            "version": "==1.0.18"
        },
        "ptyprocess": {
            "hashes": [
                "sha256:4b41f3967fce3af57cc7e94b888626c18bf37a083e3651ca8feeb66d492fef35",
                "sha256:5c5d0a3b48ceee0b48485e0c26037c0acd7d29765ca3fbb5cb3831d347423220"
            ],
            "version": "==0.7.0"
        },
        "pycodestyle": {
            "hashes": [
                "sha256:720f8b39dde8b293825e7ff02c475f3077124006db4f440dcbc9a20b76548a20",
                "sha256:eddd5847ef438ea1c7870ca7eb78a9d47ce0cdb4851a5523949f2601d0cbbe7f"
            ],
            "markers": "python_version >= '2.7' and python_version not in '3.0, 3.1, 3.2, 3.3, 3.4'",
            "version": "==2.8.0"
        },
        "pydocstyle": {
            "hashes": [
                "sha256:1d41b7c459ba0ee6c345f2eb9ae827cab14a7533a88c5c6f7e94923f72df92dc",
                "sha256:6987826d6775056839940041beef5c08cc7e3d71d63149b48e36727f70144dc4"
            ],
            "markers": "python_version >= '3.6'",
            "version": "==6.1.1"
        },
        "pyflakes": {
            "hashes": [
                "sha256:05a85c2872edf37a4ed30b0cce2f6093e1d0581f8c19d7393122da7e25b2b24c",
                "sha256:3bb3a3f256f4b7968c9c788781e4ff07dce46bdf12339dcda61053375426ee2e"
            ],
            "markers": "python_version >= '2.7' and python_version not in '3.0, 3.1, 3.2, 3.3'",
            "version": "==2.4.0"
        },
        "pygments": {
            "hashes": [
                "sha256:44238f1b60a76d78fc8ca0528ee429702aae011c265fe6a8dd8b63049ae41c65",
                "sha256:4e426f72023d88d03b2fa258de560726ce890ff3b630f88c21cbb8b2503b8c6a"
            ],
            "markers": "python_version >= '3.5'",
            "version": "==2.11.2"
        },
        "pylama": {
            "hashes": [
                "sha256:390c1dab1daebdf3d6acc923e551b035c3faa77d8b96b98530c230493f9ec712",
                "sha256:a3670459e7855529e2ccd3959e0bdebd694ac62bcdc7c58a877f3456c0a2058b"
            ],
            "index": "pypi",
            "version": "==7.4.3"
        },
        "setuptools": {
            "hashes": [
                "sha256:2347b2b432c891a863acadca2da9ac101eae6169b1d3dfee2ec605ecd50dbfe5",
                "sha256:e4f30b9f84e5ab3decf945113119649fec09c1fc3507c6ebffec75646c56e62b"
            ],
            "markers": "python_version >= '3.7'",
            "version": "==60.9.3"
        },
        "simplegeneric": {
            "hashes": [
                "sha256:dc972e06094b9af5b855b3df4a646395e43d1c9d0d39ed345b7393560d0b9173"
            ],
            "version": "==0.8.1"
        },
        "six": {
            "hashes": [
                "sha256:1e61c37477a1626458e36f7b1d82aa5c9b094fa4802892072e49de9c60c4c926",
                "sha256:8abb2f1d86890a2dfb989f9a77cfcfd3e47c2a354b01111771326f8aa26e0254"
            ],
            "markers": "python_version >= '2.7' and python_version not in '3.0, 3.1, 3.2, 3.3'",
            "version": "==1.16.0"
        },
        "snowballstemmer": {
            "hashes": [
                "sha256:09b16deb8547d3412ad7b590689584cd0fe25ec8db3be37788be3810cbf19cb1",
                "sha256:c8e1716e83cc398ae16824e5572ae04e0d9fc2c6b985fb0f900f5f0c96ecba1a"
            ],
            "version": "==2.2.0"
        },
        "traitlets": {
            "hashes": [
                "sha256:059f456c5a7c1c82b98c2e8c799f39c9b8128f6d0d46941ee118daace9eb70c7",
                "sha256:2d313cc50a42cd6c277e7d7dc8d4d7fedd06a2c215f78766ae7b1a66277e0033"
            ],
            "markers": "python_version >= '3.7'",
            "version": "==5.1.1"
        },
        "wcwidth": {
            "hashes": [
                "sha256:beb4802a9cebb9144e99086eff703a642a13d6a0052920003a230f3294bbe784",
                "sha256:c4d647b99872929fdb7bdcaa4fbe7f01413ed3d98077df798530e5b04f116c83"
            ],
            "version": "==0.2.5"
        }
    }
}
